
Microsoft Visual Studio Solution File, Format Version 12.00
# Visual Studio Version 17
VisualStudioVersion = 17.4.33213.308
MinimumVisualStudioVersion = 10.0.40219.1
Project("{9A19103F-16F7-4668-BE54-9A1E7A4F7556}") = "Prism.Core", "Prism.Core.csproj", "{1B8D0B81-6F02-410F-864A-8237DB2C5D66}"
EndProject
Global
	GlobalSection(SolutionConfigurationPlatforms) = preSolution
		Debug|Any CPU = Debug|Any CPU
		Release|Any CPU = Release|Any CPU
	EndGlobalSection
	GlobalSection(ProjectConfigurationPlatforms) = postSolution
		{1B8D0B81-6F02-410F-864A-8237DB2C5D66}.Debug|Any CPU.ActiveCfg = Debug|Any CPU
		{1B8D0B81-6F02-410F-864A-8237DB2C5D66}.Debug|Any CPU.Build.0 = Debug|Any CPU
		{1B8D0B81-6F02-410F-864A-8237DB2C5D66}.Release|Any CPU.ActiveCfg = Release|Any CPU
		{1B8D0B81-6F02-410F-864A-8237DB2C5D66}.Release|Any CPU.Build.0 = Release|Any CPU
	EndGlobalSection
	GlobalSection(SolutionProperties) = preSolution
		HideSolutionNode = FALSE
	EndGlobalSection
	GlobalSection(ExtensibilityGlobals) = postSolution
		SolutionGuid = {4CC1FDE8-8675-49C7-84F5-3CEF80ED734A}
	EndGlobalSection
EndGlobal
