
Microsoft Visual Studio Solution File, Format Version 12.00
# Visual Studio Version 17
VisualStudioVersion = 17.8.34309.116
MinimumVisualStudioVersion = 10.0.40219.1
Project("{2150E333-8FDC-42A3-9474-1A3956D46DE8}") = "Toolkits", "Toolkits", "{8B68315F-10BA-4E2B-AF2E-312DCD160766}"
EndProject
Project("{2150E333-8FDC-42A3-9474-1A3956D46DE8}") = "Common", "Common", "{81389446-0175-4050-B3DB-88E93C7E078C}"
EndProject
Project("{2150E333-8FDC-42A3-9474-1A3956D46DE8}") = "Modules", "Modules", "{4A762C57-26E8-49A3-BD83-CA0911C96AE4}"
EndProject
Project("{2150E333-8FDC-42A3-9474-1A3956D46DE8}") = "Presentation", "Presentation", "{D4AEF1DC-1030-447B-817D-F5E49C801EFF}"
EndProject
Project("{2150E333-8FDC-42A3-9474-1A3956D46DE8}") = "Prism Library", "Prism Library", "{15CF1FE1-D78E-4E3D-A9F8-FA0FCC56A83A}"
EndProject
Project("{9A19103F-16F7-4668-BE54-9A1E7A4F7556}") = "Prism.Wpf", "..\..\Toolkits\Prism Library\Prism.Wpf\Prism.Wpf.csproj", "{6A60A2C1-92C4-4C6E-9883-928D8D308678}"
EndProject
Project("{9A19103F-16F7-4668-BE54-9A1E7A4F7556}") = "Prism.Unity.Wpf", "..\..\Toolkits\Prism Library\Prism.Unity.Wpf\Prism.Unity.Wpf.csproj", "{2ED63CA2-6C42-40DD-AF17-9C990E75A530}"
EndProject
Project("{2150E333-8FDC-42A3-9474-1A3956D46DE8}") = "Sdk", "Sdk", "{BA3CD8F0-DC48-4886-B4A5-867CD01DD5F4}"
EndProject
Project("{9A19103F-16F7-4668-BE54-9A1E7A4F7556}") = "Prism.Core", "..\..\Toolkits\Prism Library\Prism.Core\Prism.Core.csproj", "{924E08CD-824C-43CD-8B8B-3D7673E19D5D}"
EndProject
Project("{9A19103F-16F7-4668-BE54-9A1E7A4F7556}") = "Aksl.Infrastructure", "..\..\Infrastructure\Aksl.Infrastructure\Aksl.Infrastructure.csproj", "{ADE7520F-AB1B-4EA2-9B17-3837DC19E53E}"
EndProject
Project("{9A19103F-16F7-4668-BE54-9A1E7A4F7556}") = "Aksl.Wpf.SideBar", "Aksl.Wpf.SideBar.csproj", "{86F5A01B-9FF4-47F8-91FD-1E1540DCCDAE}"
EndProject
Project("{2150E333-8FDC-42A3-9474-1A3956D46DE8}") = "Navigations", "Navigations", "{57DDE468-3E55-4318-9877-DDD01C913138}"
EndProject
Project("{9A19103F-16F7-4668-BE54-9A1E7A4F7556}") = "Account", "..\Modules\Account\Account.csproj", "{47ED3A36-C2D9-4E41-B4B5-9ECE93A6AE28}"
EndProject
Project("{9A19103F-16F7-4668-BE54-9A1E7A4F7556}") = "Aksl.Toolkit", "..\..\Toolkits\Aksl.Toolkit\Aksl.Toolkit.csproj", "{A3AF55C3-C7D2-498A-B881-AF95D2F6C6A5}"
EndProject
Project("{9A19103F-16F7-4668-BE54-9A1E7A4F7556}") = "Aksl.Toolkit.Controls", "..\..\Toolkits\Aksl.Toolkit.Controls\Aksl.Toolkit.Controls.csproj", "{083E8760-3F4E-487D-B681-D4DBFB4E946D}"
EndProject
Project("{2150E333-8FDC-42A3-9474-1A3956D46DE8}") = "SideBars", "SideBars", "{8BDDEAC2-103F-47CF-9A02-79B0BC55742B}"
EndProject
Project("{2150E333-8FDC-42A3-9474-1A3956D46DE8}") = "Expand", "Expand", "{AE4A208F-3241-45B0-81D4-317D3CD7806A}"
EndProject
Project("{2150E333-8FDC-42A3-9474-1A3956D46DE8}") = "Tab", "Tab", "{E7A98A2A-5D30-4D24-9ACE-EFF21205479E}"
EndProject
Project("{9A19103F-16F7-4668-BE54-9A1E7A4F7556}") = "ExpandHamburgerMenu", "..\Modules\Navigations\ExpandHamburgerMenu\ExpandHamburgerMenu.csproj", "{53F8EA27-1EF9-442B-8022-0E7865B6CC9E}"
EndProject
Project("{9A19103F-16F7-4668-BE54-9A1E7A4F7556}") = "ExpandHamburgerMenuNavigationBar", "..\Modules\Navigations\ExpandHamburgerMenuNavigationBar\ExpandHamburgerMenuNavigationBar.csproj", "{08A590AC-82B2-4C31-BDC5-C1DC131A79E0}"
EndProject
Project("{9A19103F-16F7-4668-BE54-9A1E7A4F7556}") = "ExpandHamburgerMenuTreeBar", "..\Modules\Navigations\ExpandHamburgerMenuTreeBar\ExpandHamburgerMenuTreeBar.csproj", "{82FA2ADB-1164-4D64-B532-3BA0B508E766}"
EndProject
Project("{9A19103F-16F7-4668-BE54-9A1E7A4F7556}") = "MenuSub", "..\Modules\Navigations\MenuSub\MenuSub.csproj", "{432714AB-1999-4D5C-B405-F2EFC62E6EA5}"
EndProject
Project("{9A19103F-16F7-4668-BE54-9A1E7A4F7556}") = "TabBar", "..\Modules\Navigations\TabBar\TabBar.csproj", "{2238FC0E-AD81-4F3A-A665-4B8BFF2CE8D7}"
EndProject
Project("{9A19103F-16F7-4668-BE54-9A1E7A4F7556}") = "ExpandHamburgerMenuTab", "..\Modules\Navigations\ExpandHamburgerMenuTab\ExpandHamburgerMenuTab.csproj", "{4432A70D-17E4-4046-B576-B9D8F6E711DD}"
EndProject
Project("{9A19103F-16F7-4668-BE54-9A1E7A4F7556}") = "HamburgerMenuSideBar", "..\Modules\SideBars\HamburgerMenuSideBar\HamburgerMenuSideBar.csproj", "{D8EC1097-4CEE-4FF3-B9EA-D223B830E1EF}"
EndProject
Project("{9A19103F-16F7-4668-BE54-9A1E7A4F7556}") = "ExpandHamburgerMenuSub", "..\Modules\Navigations\ExpandHamburgerMenuSub\ExpandHamburgerMenuSub.csproj", "{02644B38-B802-498F-B6BC-E58ED72FC731}"
EndProject
Project("{9A19103F-16F7-4668-BE54-9A1E7A4F7556}") = "HamburgerMenuNavigationSideBar", "..\Modules\SideBars\HamburgerMenuNavigationSideBar\HamburgerMenuNavigationSideBar.csproj", "{F4DDCCF7-E061-40D2-9A2C-F17908015023}"
EndProject
Project("{9A19103F-16F7-4668-BE54-9A1E7A4F7556}") = "HamburgerMenuTreeSideBar", "..\Modules\SideBars\HamburgerMenuTreeSideBar\HamburgerMenuTreeSideBar.csproj", "{A8494862-3B3A-49E8-8494-9F370C48D0CF}"
EndProject
Project("{2150E333-8FDC-42A3-9474-1A3956D46DE8}") = "LiveCharts", "LiveCharts", "{9AA6DBDC-7410-4DAE-B9FD-92CFD3A3E265}"
EndProject
Project("{9A19103F-16F7-4668-BE54-9A1E7A4F7556}") = "Home", "..\Modules\Home\Home.csproj", "{77DF5A58-78D9-4629-9EA6-14FA869F0934}"
EndProject
Project("{9A19103F-16F7-4668-BE54-9A1E7A4F7556}") = "Axes", "..\Modules\LiveCharts\Axes\Axes.csproj", "{3BC26507-A5C3-45B7-A02F-9EE6C3552FE4}"
EndProject
Project("{9A19103F-16F7-4668-BE54-9A1E7A4F7556}") = "Bars", "..\Modules\LiveCharts\Bars\Bars.csproj", "{246414FB-4F5E-483A-94D7-8E70DD6A92C3}"
EndProject
Global
	GlobalSection(SolutionConfigurationPlatforms) = preSolution
		Debug|Any CPU = Debug|Any CPU
		Debug|x86 = Debug|x86
		Release|Any CPU = Release|Any CPU
		Release|x86 = Release|x86
	EndGlobalSection
	GlobalSection(ProjectConfigurationPlatforms) = postSolution
		{6A60A2C1-92C4-4C6E-9883-928D8D308678}.Debug|Any CPU.ActiveCfg = Debug|Any CPU
		{6A60A2C1-92C4-4C6E-9883-928D8D308678}.Debug|Any CPU.Build.0 = Debug|Any CPU
		{6A60A2C1-92C4-4C6E-9883-928D8D308678}.Debug|x86.ActiveCfg = Debug|Any CPU
		{6A60A2C1-92C4-4C6E-9883-928D8D308678}.Debug|x86.Build.0 = Debug|Any CPU
		{6A60A2C1-92C4-4C6E-9883-928D8D308678}.Release|Any CPU.ActiveCfg = Release|Any CPU
		{6A60A2C1-92C4-4C6E-9883-928D8D308678}.Release|Any CPU.Build.0 = Release|Any CPU
		{6A60A2C1-92C4-4C6E-9883-928D8D308678}.Release|x86.ActiveCfg = Release|Any CPU
		{6A60A2C1-92C4-4C6E-9883-928D8D308678}.Release|x86.Build.0 = Release|Any CPU
		{2ED63CA2-6C42-40DD-AF17-9C990E75A530}.Debug|Any CPU.ActiveCfg = Debug|Any CPU
		{2ED63CA2-6C42-40DD-AF17-9C990E75A530}.Debug|Any CPU.Build.0 = Debug|Any CPU
		{2ED63CA2-6C42-40DD-AF17-9C990E75A530}.Debug|x86.ActiveCfg = Debug|Any CPU
		{2ED63CA2-6C42-40DD-AF17-9C990E75A530}.Debug|x86.Build.0 = Debug|Any CPU
		{2ED63CA2-6C42-40DD-AF17-9C990E75A530}.Release|Any CPU.ActiveCfg = Release|Any CPU
		{2ED63CA2-6C42-40DD-AF17-9C990E75A530}.Release|Any CPU.Build.0 = Release|Any CPU
		{2ED63CA2-6C42-40DD-AF17-9C990E75A530}.Release|x86.ActiveCfg = Release|Any CPU
		{2ED63CA2-6C42-40DD-AF17-9C990E75A530}.Release|x86.Build.0 = Release|Any CPU
		{924E08CD-824C-43CD-8B8B-3D7673E19D5D}.Debug|Any CPU.ActiveCfg = Debug|Any CPU
		{924E08CD-824C-43CD-8B8B-3D7673E19D5D}.Debug|Any CPU.Build.0 = Debug|Any CPU
		{924E08CD-824C-43CD-8B8B-3D7673E19D5D}.Debug|x86.ActiveCfg = Debug|Any CPU
		{924E08CD-824C-43CD-8B8B-3D7673E19D5D}.Debug|x86.Build.0 = Debug|Any CPU
		{924E08CD-824C-43CD-8B8B-3D7673E19D5D}.Release|Any CPU.ActiveCfg = Release|Any CPU
		{924E08CD-824C-43CD-8B8B-3D7673E19D5D}.Release|Any CPU.Build.0 = Release|Any CPU
		{924E08CD-824C-43CD-8B8B-3D7673E19D5D}.Release|x86.ActiveCfg = Release|Any CPU
		{924E08CD-824C-43CD-8B8B-3D7673E19D5D}.Release|x86.Build.0 = Release|Any CPU
		{ADE7520F-AB1B-4EA2-9B17-3837DC19E53E}.Debug|Any CPU.ActiveCfg = Debug|Any CPU
		{ADE7520F-AB1B-4EA2-9B17-3837DC19E53E}.Debug|Any CPU.Build.0 = Debug|Any CPU
		{ADE7520F-AB1B-4EA2-9B17-3837DC19E53E}.Debug|x86.ActiveCfg = Debug|Any CPU
		{ADE7520F-AB1B-4EA2-9B17-3837DC19E53E}.Debug|x86.Build.0 = Debug|Any CPU
		{ADE7520F-AB1B-4EA2-9B17-3837DC19E53E}.Release|Any CPU.ActiveCfg = Release|Any CPU
		{ADE7520F-AB1B-4EA2-9B17-3837DC19E53E}.Release|Any CPU.Build.0 = Release|Any CPU
		{ADE7520F-AB1B-4EA2-9B17-3837DC19E53E}.Release|x86.ActiveCfg = Release|Any CPU
		{ADE7520F-AB1B-4EA2-9B17-3837DC19E53E}.Release|x86.Build.0 = Release|Any CPU
		{86F5A01B-9FF4-47F8-91FD-1E1540DCCDAE}.Debug|Any CPU.ActiveCfg = Debug|Any CPU
		{86F5A01B-9FF4-47F8-91FD-1E1540DCCDAE}.Debug|Any CPU.Build.0 = Debug|Any CPU
		{86F5A01B-9FF4-47F8-91FD-1E1540DCCDAE}.Debug|x86.ActiveCfg = Debug|Any CPU
		{86F5A01B-9FF4-47F8-91FD-1E1540DCCDAE}.Debug|x86.Build.0 = Debug|Any CPU
		{86F5A01B-9FF4-47F8-91FD-1E1540DCCDAE}.Release|Any CPU.ActiveCfg = Release|Any CPU
		{86F5A01B-9FF4-47F8-91FD-1E1540DCCDAE}.Release|Any CPU.Build.0 = Release|Any CPU
		{86F5A01B-9FF4-47F8-91FD-1E1540DCCDAE}.Release|x86.ActiveCfg = Release|Any CPU
		{86F5A01B-9FF4-47F8-91FD-1E1540DCCDAE}.Release|x86.Build.0 = Release|Any CPU
		{47ED3A36-C2D9-4E41-B4B5-9ECE93A6AE28}.Debug|Any CPU.ActiveCfg = Debug|Any CPU
		{47ED3A36-C2D9-4E41-B4B5-9ECE93A6AE28}.Debug|Any CPU.Build.0 = Debug|Any CPU
		{47ED3A36-C2D9-4E41-B4B5-9ECE93A6AE28}.Debug|x86.ActiveCfg = Debug|Any CPU
		{47ED3A36-C2D9-4E41-B4B5-9ECE93A6AE28}.Debug|x86.Build.0 = Debug|Any CPU
		{47ED3A36-C2D9-4E41-B4B5-9ECE93A6AE28}.Release|Any CPU.ActiveCfg = Release|Any CPU
		{47ED3A36-C2D9-4E41-B4B5-9ECE93A6AE28}.Release|Any CPU.Build.0 = Release|Any CPU
		{47ED3A36-C2D9-4E41-B4B5-9ECE93A6AE28}.Release|x86.ActiveCfg = Release|Any CPU
		{47ED3A36-C2D9-4E41-B4B5-9ECE93A6AE28}.Release|x86.Build.0 = Release|Any CPU
		{A3AF55C3-C7D2-498A-B881-AF95D2F6C6A5}.Debug|Any CPU.ActiveCfg = Debug|Any CPU
		{A3AF55C3-C7D2-498A-B881-AF95D2F6C6A5}.Debug|Any CPU.Build.0 = Debug|Any CPU
		{A3AF55C3-C7D2-498A-B881-AF95D2F6C6A5}.Debug|x86.ActiveCfg = Debug|Any CPU
		{A3AF55C3-C7D2-498A-B881-AF95D2F6C6A5}.Debug|x86.Build.0 = Debug|Any CPU
		{A3AF55C3-C7D2-498A-B881-AF95D2F6C6A5}.Release|Any CPU.ActiveCfg = Release|Any CPU
		{A3AF55C3-C7D2-498A-B881-AF95D2F6C6A5}.Release|Any CPU.Build.0 = Release|Any CPU
		{A3AF55C3-C7D2-498A-B881-AF95D2F6C6A5}.Release|x86.ActiveCfg = Release|Any CPU
		{A3AF55C3-C7D2-498A-B881-AF95D2F6C6A5}.Release|x86.Build.0 = Release|Any CPU
		{083E8760-3F4E-487D-B681-D4DBFB4E946D}.Debug|Any CPU.ActiveCfg = Debug|Any CPU
		{083E8760-3F4E-487D-B681-D4DBFB4E946D}.Debug|Any CPU.Build.0 = Debug|Any CPU
		{083E8760-3F4E-487D-B681-D4DBFB4E946D}.Debug|x86.ActiveCfg = Debug|Any CPU
		{083E8760-3F4E-487D-B681-D4DBFB4E946D}.Debug|x86.Build.0 = Debug|Any CPU
		{083E8760-3F4E-487D-B681-D4DBFB4E946D}.Release|Any CPU.ActiveCfg = Release|Any CPU
		{083E8760-3F4E-487D-B681-D4DBFB4E946D}.Release|Any CPU.Build.0 = Release|Any CPU
		{083E8760-3F4E-487D-B681-D4DBFB4E946D}.Release|x86.ActiveCfg = Release|Any CPU
		{083E8760-3F4E-487D-B681-D4DBFB4E946D}.Release|x86.Build.0 = Release|Any CPU
		{53F8EA27-1EF9-442B-8022-0E7865B6CC9E}.Debug|Any CPU.ActiveCfg = Debug|Any CPU
		{53F8EA27-1EF9-442B-8022-0E7865B6CC9E}.Debug|Any CPU.Build.0 = Debug|Any CPU
		{53F8EA27-1EF9-442B-8022-0E7865B6CC9E}.Debug|x86.ActiveCfg = Debug|Any CPU
		{53F8EA27-1EF9-442B-8022-0E7865B6CC9E}.Debug|x86.Build.0 = Debug|Any CPU
		{53F8EA27-1EF9-442B-8022-0E7865B6CC9E}.Release|Any CPU.ActiveCfg = Release|Any CPU
		{53F8EA27-1EF9-442B-8022-0E7865B6CC9E}.Release|Any CPU.Build.0 = Release|Any CPU
		{53F8EA27-1EF9-442B-8022-0E7865B6CC9E}.Release|x86.ActiveCfg = Release|Any CPU
		{53F8EA27-1EF9-442B-8022-0E7865B6CC9E}.Release|x86.Build.0 = Release|Any CPU
		{08A590AC-82B2-4C31-BDC5-C1DC131A79E0}.Debug|Any CPU.ActiveCfg = Debug|Any CPU
		{08A590AC-82B2-4C31-BDC5-C1DC131A79E0}.Debug|Any CPU.Build.0 = Debug|Any CPU
		{08A590AC-82B2-4C31-BDC5-C1DC131A79E0}.Debug|x86.ActiveCfg = Debug|Any CPU
		{08A590AC-82B2-4C31-BDC5-C1DC131A79E0}.Debug|x86.Build.0 = Debug|Any CPU
		{08A590AC-82B2-4C31-BDC5-C1DC131A79E0}.Release|Any CPU.ActiveCfg = Release|Any CPU
		{08A590AC-82B2-4C31-BDC5-C1DC131A79E0}.Release|Any CPU.Build.0 = Release|Any CPU
		{08A590AC-82B2-4C31-BDC5-C1DC131A79E0}.Release|x86.ActiveCfg = Release|Any CPU
		{08A590AC-82B2-4C31-BDC5-C1DC131A79E0}.Release|x86.Build.0 = Release|Any CPU
		{82FA2ADB-1164-4D64-B532-3BA0B508E766}.Debug|Any CPU.ActiveCfg = Debug|Any CPU
		{82FA2ADB-1164-4D64-B532-3BA0B508E766}.Debug|Any CPU.Build.0 = Debug|Any CPU
		{82FA2ADB-1164-4D64-B532-3BA0B508E766}.Debug|x86.ActiveCfg = Debug|Any CPU
		{82FA2ADB-1164-4D64-B532-3BA0B508E766}.Debug|x86.Build.0 = Debug|Any CPU
		{82FA2ADB-1164-4D64-B532-3BA0B508E766}.Release|Any CPU.ActiveCfg = Release|Any CPU
		{82FA2ADB-1164-4D64-B532-3BA0B508E766}.Release|Any CPU.Build.0 = Release|Any CPU
		{82FA2ADB-1164-4D64-B532-3BA0B508E766}.Release|x86.ActiveCfg = Release|Any CPU
		{82FA2ADB-1164-4D64-B532-3BA0B508E766}.Release|x86.Build.0 = Release|Any CPU
		{432714AB-1999-4D5C-B405-F2EFC62E6EA5}.Debug|Any CPU.ActiveCfg = Debug|Any CPU
		{432714AB-1999-4D5C-B405-F2EFC62E6EA5}.Debug|Any CPU.Build.0 = Debug|Any CPU
		{432714AB-1999-4D5C-B405-F2EFC62E6EA5}.Debug|x86.ActiveCfg = Debug|Any CPU
		{432714AB-1999-4D5C-B405-F2EFC62E6EA5}.Debug|x86.Build.0 = Debug|Any CPU
		{432714AB-1999-4D5C-B405-F2EFC62E6EA5}.Release|Any CPU.ActiveCfg = Release|Any CPU
		{432714AB-1999-4D5C-B405-F2EFC62E6EA5}.Release|Any CPU.Build.0 = Release|Any CPU
		{432714AB-1999-4D5C-B405-F2EFC62E6EA5}.Release|x86.ActiveCfg = Release|Any CPU
		{432714AB-1999-4D5C-B405-F2EFC62E6EA5}.Release|x86.Build.0 = Release|Any CPU
		{2238FC0E-AD81-4F3A-A665-4B8BFF2CE8D7}.Debug|Any CPU.ActiveCfg = Debug|Any CPU
		{2238FC0E-AD81-4F3A-A665-4B8BFF2CE8D7}.Debug|Any CPU.Build.0 = Debug|Any CPU
		{2238FC0E-AD81-4F3A-A665-4B8BFF2CE8D7}.Debug|x86.ActiveCfg = Debug|Any CPU
		{2238FC0E-AD81-4F3A-A665-4B8BFF2CE8D7}.Debug|x86.Build.0 = Debug|Any CPU
		{2238FC0E-AD81-4F3A-A665-4B8BFF2CE8D7}.Release|Any CPU.ActiveCfg = Release|Any CPU
		{2238FC0E-AD81-4F3A-A665-4B8BFF2CE8D7}.Release|Any CPU.Build.0 = Release|Any CPU
		{2238FC0E-AD81-4F3A-A665-4B8BFF2CE8D7}.Release|x86.ActiveCfg = Release|Any CPU
		{2238FC0E-AD81-4F3A-A665-4B8BFF2CE8D7}.Release|x86.Build.0 = Release|Any CPU
		{4432A70D-17E4-4046-B576-B9D8F6E711DD}.Debug|Any CPU.ActiveCfg = Debug|Any CPU
		{4432A70D-17E4-4046-B576-B9D8F6E711DD}.Debug|Any CPU.Build.0 = Debug|Any CPU
		{4432A70D-17E4-4046-B576-B9D8F6E711DD}.Debug|x86.ActiveCfg = Debug|Any CPU
		{4432A70D-17E4-4046-B576-B9D8F6E711DD}.Debug|x86.Build.0 = Debug|Any CPU
		{4432A70D-17E4-4046-B576-B9D8F6E711DD}.Release|Any CPU.ActiveCfg = Release|Any CPU
		{4432A70D-17E4-4046-B576-B9D8F6E711DD}.Release|Any CPU.Build.0 = Release|Any CPU
		{4432A70D-17E4-4046-B576-B9D8F6E711DD}.Release|x86.ActiveCfg = Release|Any CPU
		{4432A70D-17E4-4046-B576-B9D8F6E711DD}.Release|x86.Build.0 = Release|Any CPU
		{D8EC1097-4CEE-4FF3-B9EA-D223B830E1EF}.Debug|Any CPU.ActiveCfg = Debug|Any CPU
		{D8EC1097-4CEE-4FF3-B9EA-D223B830E1EF}.Debug|Any CPU.Build.0 = Debug|Any CPU
		{D8EC1097-4CEE-4FF3-B9EA-D223B830E1EF}.Debug|x86.ActiveCfg = Debug|Any CPU
		{D8EC1097-4CEE-4FF3-B9EA-D223B830E1EF}.Debug|x86.Build.0 = Debug|Any CPU
		{D8EC1097-4CEE-4FF3-B9EA-D223B830E1EF}.Release|Any CPU.ActiveCfg = Release|Any CPU
		{D8EC1097-4CEE-4FF3-B9EA-D223B830E1EF}.Release|Any CPU.Build.0 = Release|Any CPU
		{D8EC1097-4CEE-4FF3-B9EA-D223B830E1EF}.Release|x86.ActiveCfg = Release|Any CPU
		{D8EC1097-4CEE-4FF3-B9EA-D223B830E1EF}.Release|x86.Build.0 = Release|Any CPU
		{02644B38-B802-498F-B6BC-E58ED72FC731}.Debug|Any CPU.ActiveCfg = Debug|Any CPU
		{02644B38-B802-498F-B6BC-E58ED72FC731}.Debug|Any CPU.Build.0 = Debug|Any CPU
		{02644B38-B802-498F-B6BC-E58ED72FC731}.Debug|x86.ActiveCfg = Debug|Any CPU
		{02644B38-B802-498F-B6BC-E58ED72FC731}.Debug|x86.Build.0 = Debug|Any CPU
		{02644B38-B802-498F-B6BC-E58ED72FC731}.Release|Any CPU.ActiveCfg = Release|Any CPU
		{02644B38-B802-498F-B6BC-E58ED72FC731}.Release|Any CPU.Build.0 = Release|Any CPU
		{02644B38-B802-498F-B6BC-E58ED72FC731}.Release|x86.ActiveCfg = Release|Any CPU
		{02644B38-B802-498F-B6BC-E58ED72FC731}.Release|x86.Build.0 = Release|Any CPU
		{F4DDCCF7-E061-40D2-9A2C-F17908015023}.Debug|Any CPU.ActiveCfg = Debug|Any CPU
		{F4DDCCF7-E061-40D2-9A2C-F17908015023}.Debug|Any CPU.Build.0 = Debug|Any CPU
		{F4DDCCF7-E061-40D2-9A2C-F17908015023}.Debug|x86.ActiveCfg = Debug|Any CPU
		{F4DDCCF7-E061-40D2-9A2C-F17908015023}.Debug|x86.Build.0 = Debug|Any CPU
		{F4DDCCF7-E061-40D2-9A2C-F17908015023}.Release|Any CPU.ActiveCfg = Release|Any CPU
		{F4DDCCF7-E061-40D2-9A2C-F17908015023}.Release|Any CPU.Build.0 = Release|Any CPU
		{F4DDCCF7-E061-40D2-9A2C-F17908015023}.Release|x86.ActiveCfg = Release|Any CPU
		{F4DDCCF7-E061-40D2-9A2C-F17908015023}.Release|x86.Build.0 = Release|Any CPU
		{A8494862-3B3A-49E8-8494-9F370C48D0CF}.Debug|Any CPU.ActiveCfg = Debug|Any CPU
		{A8494862-3B3A-49E8-8494-9F370C48D0CF}.Debug|Any CPU.Build.0 = Debug|Any CPU
		{A8494862-3B3A-49E8-8494-9F370C48D0CF}.Debug|x86.ActiveCfg = Debug|Any CPU
		{A8494862-3B3A-49E8-8494-9F370C48D0CF}.Debug|x86.Build.0 = Debug|Any CPU
		{A8494862-3B3A-49E8-8494-9F370C48D0CF}.Release|Any CPU.ActiveCfg = Release|Any CPU
		{A8494862-3B3A-49E8-8494-9F370C48D0CF}.Release|Any CPU.Build.0 = Release|Any CPU
		{A8494862-3B3A-49E8-8494-9F370C48D0CF}.Release|x86.ActiveCfg = Release|Any CPU
		{A8494862-3B3A-49E8-8494-9F370C48D0CF}.Release|x86.Build.0 = Release|Any CPU
		{77DF5A58-78D9-4629-9EA6-14FA869F0934}.Debug|Any CPU.ActiveCfg = Debug|Any CPU
		{77DF5A58-78D9-4629-9EA6-14FA869F0934}.Debug|Any CPU.Build.0 = Debug|Any CPU
		{77DF5A58-78D9-4629-9EA6-14FA869F0934}.Debug|x86.ActiveCfg = Debug|Any CPU
		{77DF5A58-78D9-4629-9EA6-14FA869F0934}.Debug|x86.Build.0 = Debug|Any CPU
		{77DF5A58-78D9-4629-9EA6-14FA869F0934}.Release|Any CPU.ActiveCfg = Release|Any CPU
		{77DF5A58-78D9-4629-9EA6-14FA869F0934}.Release|Any CPU.Build.0 = Release|Any CPU
		{77DF5A58-78D9-4629-9EA6-14FA869F0934}.Release|x86.ActiveCfg = Release|Any CPU
		{77DF5A58-78D9-4629-9EA6-14FA869F0934}.Release|x86.Build.0 = Release|Any CPU
		{3BC26507-A5C3-45B7-A02F-9EE6C3552FE4}.Debug|Any CPU.ActiveCfg = Debug|Any CPU
		{3BC26507-A5C3-45B7-A02F-9EE6C3552FE4}.Debug|Any CPU.Build.0 = Debug|Any CPU
		{3BC26507-A5C3-45B7-A02F-9EE6C3552FE4}.Debug|x86.ActiveCfg = Debug|Any CPU
		{3BC26507-A5C3-45B7-A02F-9EE6C3552FE4}.Debug|x86.Build.0 = Debug|Any CPU
		{3BC26507-A5C3-45B7-A02F-9EE6C3552FE4}.Release|Any CPU.ActiveCfg = Release|Any CPU
		{3BC26507-A5C3-45B7-A02F-9EE6C3552FE4}.Release|Any CPU.Build.0 = Release|Any CPU
		{3BC26507-A5C3-45B7-A02F-9EE6C3552FE4}.Release|x86.ActiveCfg = Release|Any CPU
		{3BC26507-A5C3-45B7-A02F-9EE6C3552FE4}.Release|x86.Build.0 = Release|Any CPU
		{246414FB-4F5E-483A-94D7-8E70DD6A92C3}.Debug|Any CPU.ActiveCfg = Debug|Any CPU
		{246414FB-4F5E-483A-94D7-8E70DD6A92C3}.Debug|Any CPU.Build.0 = Debug|Any CPU
		{246414FB-4F5E-483A-94D7-8E70DD6A92C3}.Debug|x86.ActiveCfg = Debug|Any CPU
		{246414FB-4F5E-483A-94D7-8E70DD6A92C3}.Debug|x86.Build.0 = Debug|Any CPU
		{246414FB-4F5E-483A-94D7-8E70DD6A92C3}.Release|Any CPU.ActiveCfg = Release|Any CPU
		{246414FB-4F5E-483A-94D7-8E70DD6A92C3}.Release|Any CPU.Build.0 = Release|Any CPU
		{246414FB-4F5E-483A-94D7-8E70DD6A92C3}.Release|x86.ActiveCfg = Release|Any CPU
		{246414FB-4F5E-483A-94D7-8E70DD6A92C3}.Release|x86.Build.0 = Release|Any CPU
	EndGlobalSection
	GlobalSection(SolutionProperties) = preSolution
		HideSolutionNode = FALSE
	EndGlobalSection
	GlobalSection(NestedProjects) = preSolution
		{4A762C57-26E8-49A3-BD83-CA0911C96AE4} = {D4AEF1DC-1030-447B-817D-F5E49C801EFF}
		{15CF1FE1-D78E-4E3D-A9F8-FA0FCC56A83A} = {8B68315F-10BA-4E2B-AF2E-312DCD160766}
		{6A60A2C1-92C4-4C6E-9883-928D8D308678} = {15CF1FE1-D78E-4E3D-A9F8-FA0FCC56A83A}
		{2ED63CA2-6C42-40DD-AF17-9C990E75A530} = {15CF1FE1-D78E-4E3D-A9F8-FA0FCC56A83A}
		{924E08CD-824C-43CD-8B8B-3D7673E19D5D} = {15CF1FE1-D78E-4E3D-A9F8-FA0FCC56A83A}
		{ADE7520F-AB1B-4EA2-9B17-3837DC19E53E} = {81389446-0175-4050-B3DB-88E93C7E078C}
		{86F5A01B-9FF4-47F8-91FD-1E1540DCCDAE} = {D4AEF1DC-1030-447B-817D-F5E49C801EFF}
		{57DDE468-3E55-4318-9877-DDD01C913138} = {4A762C57-26E8-49A3-BD83-CA0911C96AE4}
		{47ED3A36-C2D9-4E41-B4B5-9ECE93A6AE28} = {4A762C57-26E8-49A3-BD83-CA0911C96AE4}
		{A3AF55C3-C7D2-498A-B881-AF95D2F6C6A5} = {8B68315F-10BA-4E2B-AF2E-312DCD160766}
		{083E8760-3F4E-487D-B681-D4DBFB4E946D} = {8B68315F-10BA-4E2B-AF2E-312DCD160766}
		{8BDDEAC2-103F-47CF-9A02-79B0BC55742B} = {4A762C57-26E8-49A3-BD83-CA0911C96AE4}
		{AE4A208F-3241-45B0-81D4-317D3CD7806A} = {57DDE468-3E55-4318-9877-DDD01C913138}
		{E7A98A2A-5D30-4D24-9ACE-EFF21205479E} = {57DDE468-3E55-4318-9877-DDD01C913138}
		{53F8EA27-1EF9-442B-8022-0E7865B6CC9E} = {AE4A208F-3241-45B0-81D4-317D3CD7806A}
		{08A590AC-82B2-4C31-BDC5-C1DC131A79E0} = {AE4A208F-3241-45B0-81D4-317D3CD7806A}
		{82FA2ADB-1164-4D64-B532-3BA0B508E766} = {AE4A208F-3241-45B0-81D4-317D3CD7806A}
		{432714AB-1999-4D5C-B405-F2EFC62E6EA5} = {57DDE468-3E55-4318-9877-DDD01C913138}
		{2238FC0E-AD81-4F3A-A665-4B8BFF2CE8D7} = {57DDE468-3E55-4318-9877-DDD01C913138}
		{4432A70D-17E4-4046-B576-B9D8F6E711DD} = {E7A98A2A-5D30-4D24-9ACE-EFF21205479E}
		{D8EC1097-4CEE-4FF3-B9EA-D223B830E1EF} = {8BDDEAC2-103F-47CF-9A02-79B0BC55742B}
		{02644B38-B802-498F-B6BC-E58ED72FC731} = {57DDE468-3E55-4318-9877-DDD01C913138}
		{F4DDCCF7-E061-40D2-9A2C-F17908015023} = {8BDDEAC2-103F-47CF-9A02-79B0BC55742B}
		{A8494862-3B3A-49E8-8494-9F370C48D0CF} = {8BDDEAC2-103F-47CF-9A02-79B0BC55742B}
		{9AA6DBDC-7410-4DAE-B9FD-92CFD3A3E265} = {4A762C57-26E8-49A3-BD83-CA0911C96AE4}
		{77DF5A58-78D9-4629-9EA6-14FA869F0934} = {4A762C57-26E8-49A3-BD83-CA0911C96AE4}
		{3BC26507-A5C3-45B7-A02F-9EE6C3552FE4} = {9AA6DBDC-7410-4DAE-B9FD-92CFD3A3E265}
		{246414FB-4F5E-483A-94D7-8E70DD6A92C3} = {9AA6DBDC-7410-4DAE-B9FD-92CFD3A3E265}
	EndGlobalSection
	GlobalSection(ExtensibilityGlobals) = postSolution
		SolutionGuid = {D877B086-37FD-4AA5-8AB3-CF7E87E27425}
	EndGlobalSection
EndGlobal
